<?xml version="1.0" encoding="utf-8"?>
<Project ToolsVersion="4.0" xmlns="http://schemas.microsoft.com/developer/msbuild/2003">
  <ItemGroup>
    <Filter Include="FlexAID">
      <UniqueIdentifier>{a4acee70-700e-4ea8-83b1-90557fa67e33}</UniqueIdentifier>
    </Filter>
    <Filter Include="GetCleft">
      <UniqueIdentifier>{a58961b8-1fc4-4fee-8592-50bb2b0e2509}</UniqueIdentifier>
    </Filter>
    <Filter Include="IsoCleft">
      <UniqueIdentifier>{9607f7b8-1a53-421b-aaa0-8b230b7e4886}</UniqueIdentifier>
    </Filter>
    <Filter Include="Project">
      <UniqueIdentifier>{8bd7f3e7-9a95-4bb6-bd6d-1eb1c5114ca0}</UniqueIdentifier>
    </Filter>
    <Filter Include="Plugin">
      <UniqueIdentifier>{10cd2c5f-8a95-4d32-8865-c24eaa6e6d8c}</UniqueIdentifier>
    </Filter>
  </ItemGroup>
  <ItemGroup>
    <None Include="..\..\FlexAID\UpdateScreen.py">
      <Filter>FlexAID</Filter>
    </None>
    <None Include="..\..\FlexAID\Anchor.py">
      <Filter>FlexAID</Filter>
    </None>
    <None Include="..\..\FlexAID\AtomTypes.py">
      <Filter>FlexAID</Filter>
    </None>
    <None Include="..\..\FlexAID\Config1.py">
      <Filter>FlexAID</Filter>
    </None>
    <None Include="..\..\FlexAID\Config2.py">
      <Filter>FlexAID</Filter>
    </None>
    <None Include="..\..\FlexAID\Config3.py">
      <Filter>FlexAID</Filter>
    </None>
    <None Include="..\..\FlexAID\Constraint.py">
      <Filter>FlexAID</Filter>
    </None>
    <None Include="..\..\FlexAID\FlexAID.py">
      <Filter>FlexAID</Filter>
    </None>
    <None Include="..\..\FlexAID\FlexBonds.py">
      <Filter>FlexAID</Filter>
    </None>
    <None Include="..\..\FlexAID\FlexColor.py">
      <Filter>FlexAID</Filter>
    </None>
    <None Include="..\..\FlexAID\FlexSideChain.py">
      <Filter>FlexAID</Filter>
    </None>
    <None Include="..\..\FlexAID\GAParam.py">
      <Filter>FlexAID</Filter>
    </None>
    <None Include="..\..\FlexAID\IOFile.py">
      <Filter>FlexAID</Filter>
    </None>
    <None Include="..\..\FlexAID\ManageFiles.py">
      <Filter>FlexAID</Filter>
    </None>
    <None Include="..\..\FlexAID\ProcessLigand.py">
      <Filter>FlexAID</Filter>
    </None>
    <None Include="..\..\FlexAID\Result.py">
      <Filter>FlexAID</Filter>
    </None>
    <None Include="..\..\FlexAID\RunFlexAID.py">
      <Filter>FlexAID</Filter>
    </None>
    <None Include="..\..\FlexAID\Simulate.py">
      <Filter>FlexAID</Filter>
    </None>
    <None Include="..\..\FlexAID\Simulation.py">
      <Filter>FlexAID</Filter>
    </None>
    <None Include="..\..\FlexAID\TargetFlex.py">
      <Filter>FlexAID</Filter>
    </None>
    <None Include="..\..\GetCleft\Volume.py">
      <Filter>GetCleft</Filter>
    </None>
    <None Include="..\..\GetCleft\AdvOptions.py">
      <Filter>GetCleft</Filter>
    </None>
    <None Include="..\..\GetCleft\CropCleft.py">
      <Filter>GetCleft</Filter>
    </None>
    <None Include="..\..\GetCleft\Default.py">
      <Filter>GetCleft</Filter>
    </None>
    <None Include="..\..\GetCleft\GetCleft.py">
      <Filter>GetCleft</Filter>
    </None>
    <None Include="..\..\GetCleft\ManageFiles2.py">
      <Filter>GetCleft</Filter>
    </None>
    <None Include="..\..\GetCleft\RunGetCleft.py">
      <Filter>GetCleft</Filter>
    </None>
    <None Include="..\..\IsoCleft\IsoCleft.py">
      <Filter>IsoCleft</Filter>
    </None>
    <None Include="..\..\IsoCleft\CfgIsoCleft.py">
      <Filter>IsoCleft</Filter>
    </None>
    <None Include="..\..\IsoCleft\Config.py">
      <Filter>IsoCleft</Filter>
    </None>
    <None Include="..\..\Plugin\NRGsuite.py">
      <Filter>Plugin</Filter>
    </None>
    <None Include="..\..\Project\NewProject.py">
      <Filter>Project</Filter>
    </None>
    <None Include="..\..\Project\LoadProject.py">
      <Filter>Project</Filter>
    </None>
    <None Include="..\..\Vars.py" />
    <None Include="..\..\BindingSite.py" />
    <None Include="..\..\CleftObj.py" />
    <None Include="..\..\Color.py" />
    <None Include="..\..\Constants.py" />
    <None Include="..\..\General.py" />
    <None Include="..\..\General_cmd.py" />
    <None Include="..\..\Geometry.py" />
    <None Include="..\..\Grid.py" />
    <None Include="..\..\MessageBox.py" />
    <None Include="..\..\Prefs.py" />
    <None Include="..\..\Sphere.py" />
    <None Include="..\..\SphereObj.py" />
    <None Include="..\..\Tabs.py" />
    <None Include="..\..\tkTable.py" />
    <None Include="..\..\Base.py" />
  </ItemGroup>
</Project>