// !$*UTF8*$!
{
	archiveVersion = 1;
	classes = {
	};
	objectVersion = 42;
	objects = {

/* Begin PBXFileReference section */
		1555D4F616C70CEF00F30037 /* Smiles.py */ = {isa = PBXFileReference; fileEncoding = 4; lastKnownFileType = text.script.python; path = Smiles.py; sourceTree = "<group>"; };
		156DDD1016BCA5CF00E42516 /* Base.py */ = {isa = PBXFileReference; fileEncoding = 4; lastKnownFileType = text.script.python; name = Base.py; path = ../Base.py; sourceTree = SOURCE_ROOT; };
		158C859816A5C19C00E07CFF /* CleftObj.py */ = {isa = PBXFileReference; fileEncoding = 4; lastKnownFileType = text.script.python; name = CleftObj.py; path = ../CleftObj.py; sourceTree = SOURCE_ROOT; };
		158C859916A5C19C00E07CFF /* Color.py */ = {isa = PBXFileReference; fileEncoding = 4; lastKnownFileType = text.script.python; name = Color.py; path = ../Color.py; sourceTree = SOURCE_ROOT; };
		158C859A16A5C19C00E07CFF /* Constants.py */ = {isa = PBXFileReference; fileEncoding = 4; lastKnownFileType = text.script.python; name = Constants.py; path = ../Constants.py; sourceTree = SOURCE_ROOT; };
		158C859C16A5C19C00E07CFF /* Anchor.py */ = {isa = PBXFileReference; fileEncoding = 4; lastKnownFileType = text.script.python; path = Anchor.py; sourceTree = "<group>"; };
		158C859D16A5C19C00E07CFF /* AtomTypes.py */ = {isa = PBXFileReference; fileEncoding = 4; lastKnownFileType = text.script.python; path = AtomTypes.py; sourceTree = "<group>"; };
		158C859E16A5C19C00E07CFF /* Config1.py */ = {isa = PBXFileReference; fileEncoding = 4; lastKnownFileType = text.script.python; path = Config1.py; sourceTree = "<group>"; };
		158C859F16A5C19C00E07CFF /* Config2.py */ = {isa = PBXFileReference; fileEncoding = 4; lastKnownFileType = text.script.python; path = Config2.py; sourceTree = "<group>"; };
		158C85A016A5C19C00E07CFF /* Config3.py */ = {isa = PBXFileReference; fileEncoding = 4; lastKnownFileType = text.script.python; path = Config3.py; sourceTree = "<group>"; };
		158C85A116A5C19C00E07CFF /* Constraint.py */ = {isa = PBXFileReference; fileEncoding = 4; lastKnownFileType = text.script.python; path = Constraint.py; sourceTree = "<group>"; };
		158C85A216A5C19C00E07CFF /* FlexAID.py */ = {isa = PBXFileReference; fileEncoding = 4; lastKnownFileType = text.script.python; path = FlexAID.py; sourceTree = "<group>"; };
		158C85A316A5C19C00E07CFF /* FlexBonds.py */ = {isa = PBXFileReference; fileEncoding = 4; lastKnownFileType = text.script.python; path = FlexBonds.py; sourceTree = "<group>"; };
		158C85A416A5C19C00E07CFF /* FlexColor.py */ = {isa = PBXFileReference; fileEncoding = 4; lastKnownFileType = text.script.python; path = FlexColor.py; sourceTree = "<group>"; };
		158C85A516A5C19C00E07CFF /* FlexSideChain.py */ = {isa = PBXFileReference; fileEncoding = 4; lastKnownFileType = text.script.python; path = FlexSideChain.py; sourceTree = "<group>"; };
		158C85A616A5C19C00E07CFF /* GAParam.py */ = {isa = PBXFileReference; fileEncoding = 4; lastKnownFileType = text.script.python; path = GAParam.py; sourceTree = "<group>"; };
		158C85A716A5C19C00E07CFF /* IOFile.py */ = {isa = PBXFileReference; fileEncoding = 4; lastKnownFileType = text.script.python; path = IOFile.py; sourceTree = "<group>"; };
		158C85A816A5C19C00E07CFF /* ManageFiles.py */ = {isa = PBXFileReference; fileEncoding = 4; lastKnownFileType = text.script.python; path = ManageFiles.py; sourceTree = "<group>"; };
		158C85A916A5C19C00E07CFF /* ProcessLigand.py */ = {isa = PBXFileReference; fileEncoding = 4; lastKnownFileType = text.script.python; path = ProcessLigand.py; sourceTree = "<group>"; };
		158C85AA16A5C19C00E07CFF /* RunFlexAID.py */ = {isa = PBXFileReference; fileEncoding = 4; lastKnownFileType = text.script.python; path = RunFlexAID.py; sourceTree = "<group>"; };
		158C85AB16A5C19C00E07CFF /* Simulate.py */ = {isa = PBXFileReference; fileEncoding = 4; lastKnownFileType = text.script.python; path = Simulate.py; sourceTree = "<group>"; };
		158C85AC16A5C19C00E07CFF /* Simulation.py */ = {isa = PBXFileReference; fileEncoding = 4; lastKnownFileType = text.script.python; path = Simulation.py; sourceTree = "<group>"; };
		158C85AD16A5C19C00E07CFF /* TargetFlex.py */ = {isa = PBXFileReference; fileEncoding = 4; lastKnownFileType = text.script.python; path = TargetFlex.py; sourceTree = "<group>"; };
		158C85AE16A5C19C00E07CFF /* UpdateScreen.py */ = {isa = PBXFileReference; fileEncoding = 4; lastKnownFileType = text.script.python; path = UpdateScreen.py; sourceTree = "<group>"; };
		158C85C616A5C19C00E07CFF /* General_cmd.py */ = {isa = PBXFileReference; fileEncoding = 4; lastKnownFileType = text.script.python; name = General_cmd.py; path = ../General_cmd.py; sourceTree = SOURCE_ROOT; };
		158C85C716A5C19C00E07CFF /* General.py */ = {isa = PBXFileReference; fileEncoding = 4; lastKnownFileType = text.script.python; name = General.py; path = ../General.py; sourceTree = SOURCE_ROOT; };
		158C85C816A5C19C00E07CFF /* Geometry.py */ = {isa = PBXFileReference; fileEncoding = 4; lastKnownFileType = text.script.python; name = Geometry.py; path = ../Geometry.py; sourceTree = SOURCE_ROOT; };
		158C85CB16A5C19C00E07CFF /* CropCleft.py */ = {isa = PBXFileReference; fileEncoding = 4; lastKnownFileType = text.script.python; path = CropCleft.py; sourceTree = "<group>"; };
		158C85CC16A5C19C00E07CFF /* Default.py */ = {isa = PBXFileReference; fileEncoding = 4; lastKnownFileType = text.script.python; path = Default.py; sourceTree = "<group>"; };
		158C85CD16A5C19C00E07CFF /* GetCleft.py */ = {isa = PBXFileReference; fileEncoding = 4; lastKnownFileType = text.script.python; path = GetCleft.py; sourceTree = "<group>"; };
		158C85CF16A5C19C00E07CFF /* down.gif */ = {isa = PBXFileReference; lastKnownFileType = image.gif; path = down.gif; sourceTree = "<group>"; };
		158C85D016A5C19C00E07CFF /* down.png */ = {isa = PBXFileReference; lastKnownFileType = image.png; path = down.png; sourceTree = "<group>"; };
		158C85D116A5C19C00E07CFF /* ok.gif */ = {isa = PBXFileReference; lastKnownFileType = image.gif; path = ok.gif; sourceTree = "<group>"; };
		158C85D216A5C19C00E07CFF /* ok.png */ = {isa = PBXFileReference; lastKnownFileType = image.png; path = ok.png; sourceTree = "<group>"; };
		158C85D316A5C19C00E07CFF /* stop.gif */ = {isa = PBXFileReference; lastKnownFileType = image.gif; path = stop.gif; sourceTree = "<group>"; };
		158C85D416A5C19C00E07CFF /* stop.png */ = {isa = PBXFileReference; lastKnownFileType = image.png; path = stop.png; sourceTree = "<group>"; };
		158C85D516A5C19C00E07CFF /* up.gif */ = {isa = PBXFileReference; lastKnownFileType = image.gif; path = up.gif; sourceTree = "<group>"; };
		158C85D616A5C19C00E07CFF /* wait.gif */ = {isa = PBXFileReference; lastKnownFileType = image.gif; path = wait.gif; sourceTree = "<group>"; };
		158C85D716A5C19C00E07CFF /* wait.png */ = {isa = PBXFileReference; lastKnownFileType = image.png; path = wait.png; sourceTree = "<group>"; };
		158C85D816A5C19C00E07CFF /* ManageFiles2.py */ = {isa = PBXFileReference; fileEncoding = 4; lastKnownFileType = text.script.python; path = ManageFiles2.py; sourceTree = "<group>"; };
		158C85D916A5C19C00E07CFF /* RunGetCleft.py */ = {isa = PBXFileReference; fileEncoding = 4; lastKnownFileType = text.script.python; path = RunGetCleft.py; sourceTree = "<group>"; };
		158C85DA16A5C19C00E07CFF /* Volume.py */ = {isa = PBXFileReference; fileEncoding = 4; lastKnownFileType = text.script.python; path = Volume.py; sourceTree = "<group>"; };
		158C85E716A5C19C00E07CFF /* NRGsuite.py */ = {isa = PBXFileReference; fileEncoding = 4; lastKnownFileType = text.script.python; path = NRGsuite.py; sourceTree = "<group>"; };
		158C85E816A5C19C00E07CFF /* Prefs.py */ = {isa = PBXFileReference; fileEncoding = 4; lastKnownFileType = text.script.python; name = Prefs.py; path = ../Prefs.py; sourceTree = SOURCE_ROOT; };
		158C85EA16A5C19C00E07CFF /* LoadProject.py */ = {isa = PBXFileReference; fileEncoding = 4; lastKnownFileType = text.script.python; path = LoadProject.py; sourceTree = "<group>"; };
		158C85EB16A5C19C00E07CFF /* NewProject.py */ = {isa = PBXFileReference; fileEncoding = 4; lastKnownFileType = text.script.python; path = NewProject.py; sourceTree = "<group>"; };
		158C85EC16A5C19C00E07CFF /* Sphere.py */ = {isa = PBXFileReference; fileEncoding = 4; lastKnownFileType = text.script.python; name = Sphere.py; path = ../Sphere.py; sourceTree = SOURCE_ROOT; };
		158C85ED16A5C19C00E07CFF /* SphereObj.py */ = {isa = PBXFileReference; fileEncoding = 4; lastKnownFileType = text.script.python; name = SphereObj.py; path = ../SphereObj.py; sourceTree = SOURCE_ROOT; };
		15BDCF2D16B8E418000F45F7 /* BindingSite.py */ = {isa = PBXFileReference; fileEncoding = 4; lastKnownFileType = text.script.python; name = BindingSite.py; path = ../BindingSite.py; sourceTree = SOURCE_ROOT; };
		15BDCF4916B8E7A3000F45F7 /* Vars.py */ = {isa = PBXFileReference; fileEncoding = 4; lastKnownFileType = text.script.python; name = Vars.py; path = ../Vars.py; sourceTree = SOURCE_ROOT; };
		15BDCF4A16B8E7BF000F45F7 /* Tabs.py */ = {isa = PBXFileReference; fileEncoding = 4; lastKnownFileType = text.script.python; name = Tabs.py; path = ../Tabs.py; sourceTree = SOURCE_ROOT; };
		15BDD04116B98BD0000F45F7 /* Result.py */ = {isa = PBXFileReference; fileEncoding = 4; lastKnownFileType = text.script.python; path = Result.py; sourceTree = "<group>"; };
		15F34EA316A9051A00BED5DE /* AMINO12.def */ = {isa = PBXFileReference; fileEncoding = 4; lastKnownFileType = text; path = AMINO12.def; sourceTree = "<group>"; };
		15F34EA416A9051A00BED5DE /* AMINO26.def */ = {isa = PBXFileReference; fileEncoding = 4; lastKnownFileType = text; path = AMINO26.def; sourceTree = "<group>"; };
		15F34EA516A9051A00BED5DE /* AMINO8.def */ = {isa = PBXFileReference; fileEncoding = 4; lastKnownFileType = text; path = AMINO8.def; sourceTree = "<group>"; };
		15F34EA616A9051A00BED5DE /* Lovell_LIB.dat */ = {isa = PBXFileReference; fileEncoding = 4; lastKnownFileType = text; path = Lovell_LIB.dat; sourceTree = "<group>"; };
		15F34EA716A9051A00BED5DE /* M6_cons_3.dat */ = {isa = PBXFileReference; fileEncoding = 4; lastKnownFileType = text; path = M6_cons_3.dat; sourceTree = "<group>"; };
		15F34EA816A9051A00BED5DE /* NUCLEOTIDES12.def */ = {isa = PBXFileReference; fileEncoding = 4; lastKnownFileType = text; path = NUCLEOTIDES12.def; sourceTree = "<group>"; };
		15F34EA916A9051A00BED5DE /* NUCLEOTIDES26.def */ = {isa = PBXFileReference; fileEncoding = 4; lastKnownFileType = text; path = NUCLEOTIDES26.def; sourceTree = "<group>"; };
		15F34EAA16A9051A00BED5DE /* NUCLEOTIDES8.def */ = {isa = PBXFileReference; fileEncoding = 4; lastKnownFileType = text; path = NUCLEOTIDES8.def; sourceTree = "<group>"; };
		15F34EAB16A9051A00BED5DE /* rotobs.lst */ = {isa = PBXFileReference; fileEncoding = 4; lastKnownFileType = text; path = rotobs.lst; sourceTree = "<group>"; };
		15F34EAC16A9051A00BED5DE /* scr_bin.dat */ = {isa = PBXFileReference; fileEncoding = 4; lastKnownFileType = text; path = scr_bin.dat; sourceTree = "<group>"; };
		15F34EAD16A9051A00BED5DE /* scr_mat.dat */ = {isa = PBXFileReference; fileEncoding = 4; lastKnownFileType = text; path = scr_mat.dat; sourceTree = "<group>"; };
		15F34EAE16A9051A00BED5DE /* SYBYL_emat.dat */ = {isa = PBXFileReference; fileEncoding = 4; lastKnownFileType = text; path = SYBYL_emat.dat; sourceTree = "<group>"; };
		15F62C5816C6F9A8001CF626 /* MultiList.py */ = {isa = PBXFileReference; fileEncoding = 4; lastKnownFileType = text.script.python; name = MultiList.py; path = ../MultiList.py; sourceTree = SOURCE_ROOT; };
/* End PBXFileReference section */

/* Begin PBXGroup section */
		158C858A16A5C17300E07CFF = {
			isa = PBXGroup;
			children = (
				158C859B16A5C19C00E07CFF /* FlexAID */,
				158C85C916A5C19C00E07CFF /* GetCleft */,
				158C85E616A5C19C00E07CFF /* Plugin */,
				158C85E916A5C19C00E07CFF /* Project */,
				156DDD1016BCA5CF00E42516 /* Base.py */,
				15BDCF2D16B8E418000F45F7 /* BindingSite.py */,
				158C859816A5C19C00E07CFF /* CleftObj.py */,
				158C859916A5C19C00E07CFF /* Color.py */,
				158C859A16A5C19C00E07CFF /* Constants.py */,
				158C85C616A5C19C00E07CFF /* General_cmd.py */,
				158C85C716A5C19C00E07CFF /* General.py */,
				158C85C816A5C19C00E07CFF /* Geometry.py */,
				15F62C5816C6F9A8001CF626 /* MultiList.py */,
				158C85E816A5C19C00E07CFF /* Prefs.py */,
				158C85EC16A5C19C00E07CFF /* Sphere.py */,
				158C85ED16A5C19C00E07CFF /* SphereObj.py */,
				15BDCF4A16B8E7BF000F45F7 /* Tabs.py */,
				15BDCF4916B8E7A3000F45F7 /* Vars.py */,
			);
			sourceTree = "<group>";
		};
		158C859B16A5C19C00E07CFF /* FlexAID */ = {
			isa = PBXGroup;
			children = (
				15F34EA216A9051A00BED5DE /* deps */,
				158C859C16A5C19C00E07CFF /* Anchor.py */,
				158C859D16A5C19C00E07CFF /* AtomTypes.py */,
				158C859E16A5C19C00E07CFF /* Config1.py */,
				158C859F16A5C19C00E07CFF /* Config2.py */,
				158C85A016A5C19C00E07CFF /* Config3.py */,
				158C85A116A5C19C00E07CFF /* Constraint.py */,
				158C85A216A5C19C00E07CFF /* FlexAID.py */,
				158C85A316A5C19C00E07CFF /* FlexBonds.py */,
				158C85A416A5C19C00E07CFF /* FlexColor.py */,
				158C85A516A5C19C00E07CFF /* FlexSideChain.py */,
				158C85A616A5C19C00E07CFF /* GAParam.py */,
				158C85A716A5C19C00E07CFF /* IOFile.py */,
				158C85A816A5C19C00E07CFF /* ManageFiles.py */,
				158C85A916A5C19C00E07CFF /* ProcessLigand.py */,
				15BDD04116B98BD0000F45F7 /* Result.py */,
				158C85AA16A5C19C00E07CFF /* RunFlexAID.py */,
				158C85AB16A5C19C00E07CFF /* Simulate.py */,
				158C85AC16A5C19C00E07CFF /* Simulation.py */,
				1555D4F616C70CEF00F30037 /* Smiles.py */,
				158C85AD16A5C19C00E07CFF /* TargetFlex.py */,
				158C85AE16A5C19C00E07CFF /* UpdateScreen.py */,
			);
			name = FlexAID;
			path = ../FlexAID;
			sourceTree = SOURCE_ROOT;
		};
		158C85C916A5C19C00E07CFF /* GetCleft */ = {
			isa = PBXGroup;
			children = (
				158C85CE16A5C19C00E07CFF /* images */,
				158C85CB16A5C19C00E07CFF /* CropCleft.py */,
				158C85CC16A5C19C00E07CFF /* Default.py */,
				158C85CD16A5C19C00E07CFF /* GetCleft.py */,
				158C85D816A5C19C00E07CFF /* ManageFiles2.py */,
				158C85D916A5C19C00E07CFF /* RunGetCleft.py */,
				158C85DA16A5C19C00E07CFF /* Volume.py */,
			);
			name = GetCleft;
			path = ../GetCleft;
			sourceTree = SOURCE_ROOT;
		};
		158C85CE16A5C19C00E07CFF /* images */ = {
			isa = PBXGroup;
			children = (
				158C85CF16A5C19C00E07CFF /* down.gif */,
				158C85D016A5C19C00E07CFF /* down.png */,
				158C85D116A5C19C00E07CFF /* ok.gif */,
				158C85D216A5C19C00E07CFF /* ok.png */,
				158C85D316A5C19C00E07CFF /* stop.gif */,
				158C85D416A5C19C00E07CFF /* stop.png */,
				158C85D516A5C19C00E07CFF /* up.gif */,
				158C85D616A5C19C00E07CFF /* wait.gif */,
				158C85D716A5C19C00E07CFF /* wait.png */,
			);
			path = images;
			sourceTree = "<group>";
		};
		158C85E616A5C19C00E07CFF /* Plugin */ = {
			isa = PBXGroup;
			children = (
				158C85E716A5C19C00E07CFF /* NRGsuite.py */,
			);
			name = Plugin;
			path = ../Plugin;
			sourceTree = SOURCE_ROOT;
		};
		158C85E916A5C19C00E07CFF /* Project */ = {
			isa = PBXGroup;
			children = (
				158C85EA16A5C19C00E07CFF /* LoadProject.py */,
				158C85EB16A5C19C00E07CFF /* NewProject.py */,
			);
			name = Project;
			path = ../Project;
			sourceTree = SOURCE_ROOT;
		};
		15F34EA216A9051A00BED5DE /* deps */ = {
			isa = PBXGroup;
			children = (
				15F34EA316A9051A00BED5DE /* AMINO12.def */,
				15F34EA416A9051A00BED5DE /* AMINO26.def */,
				15F34EA516A9051A00BED5DE /* AMINO8.def */,
				15F34EA616A9051A00BED5DE /* Lovell_LIB.dat */,
				15F34EA716A9051A00BED5DE /* M6_cons_3.dat */,
				15F34EA816A9051A00BED5DE /* NUCLEOTIDES12.def */,
				15F34EA916A9051A00BED5DE /* NUCLEOTIDES26.def */,
				15F34EAA16A9051A00BED5DE /* NUCLEOTIDES8.def */,
				15F34EAB16A9051A00BED5DE /* rotobs.lst */,
				15F34EAC16A9051A00BED5DE /* scr_bin.dat */,
				15F34EAD16A9051A00BED5DE /* scr_mat.dat */,
				15F34EAE16A9051A00BED5DE /* SYBYL_emat.dat */,
			);
			path = deps;
			sourceTree = "<group>";
		};
/* End PBXGroup section */

/* Begin PBXProject section */
		158C858C16A5C17300E07CFF /* Project object */ = {
			isa = PBXProject;
			buildConfigurationList = 158C858F16A5C17300E07CFF /* Build configuration list for PBXProject "NRGsuite_Xcode" */;
			compatibilityVersion = "Xcode 2.4";
			developmentRegion = English;
			hasScannedForEncodings = 0;
			knownRegions = (
				English,
				Japanese,
				French,
				German,
			);
			mainGroup = 158C858A16A5C17300E07CFF;
			projectDirPath = "";
			projectRoot = "";
			targets = (
			);
		};
/* End PBXProject section */

/* Begin XCBuildConfiguration section */
		158C858D16A5C17300E07CFF /* Debug */ = {
			isa = XCBuildConfiguration;
			buildSettings = {
				COPY_PHASE_STRIP = NO;
			};
			name = Debug;
		};
		158C858E16A5C17300E07CFF /* Release */ = {
			isa = XCBuildConfiguration;
			buildSettings = {
				COPY_PHASE_STRIP = YES;
			};
			name = Release;
		};
/* End XCBuildConfiguration section */

/* Begin XCConfigurationList section */
		158C858F16A5C17300E07CFF /* Build configuration list for PBXProject "NRGsuite_Xcode" */ = {
			isa = XCConfigurationList;
			buildConfigurations = (
				158C858D16A5C17300E07CFF /* Debug */,
				158C858E16A5C17300E07CFF /* Release */,
			);
			defaultConfigurationIsVisible = 0;
			defaultConfigurationName = Release;
		};
/* End XCConfigurationList section */
	};
	rootObject = 158C858C16A5C17300E07CFF /* Project object */;
}
